
Microsoft Visual Studio Solution File, Format Version 12.00
# Visual Studio Version 17
VisualStudioVersion = 17.4.33122.133
MinimumVisualStudioVersion = 10.0.40219.1
Project("{FAE04EC0-301F-11D3-BF4B-00C04F79EFBC}") = "AgenciaViajesWEBAPI", "AgenciaViajesWEBAPI\AgenciaViajesWEBAPI.csproj", "{3FE574FF-FD07-4BC1-8ED3-1B573BE806C3}"
EndProject
Global
	GlobalSection(SolutionConfigurationPlatforms) = preSolution
		Debug|Any CPU = Debug|Any CPU
		Release|Any CPU = Release|Any CPU
	EndGlobalSection
	GlobalSection(ProjectConfigurationPlatforms) = postSolution
		{3FE574FF-FD07-4BC1-8ED3-1B573BE806C3}.Debug|Any CPU.ActiveCfg = Debug|Any CPU
		{3FE574FF-FD07-4BC1-8ED3-1B573BE806C3}.Debug|Any CPU.Build.0 = Debug|Any CPU
		{3FE574FF-FD07-4BC1-8ED3-1B573BE806C3}.Release|Any CPU.ActiveCfg = Release|Any CPU
		{3FE574FF-FD07-4BC1-8ED3-1B573BE806C3}.Release|Any CPU.Build.0 = Release|Any CPU
	EndGlobalSection
	GlobalSection(SolutionProperties) = preSolution
		HideSolutionNode = FALSE
	EndGlobalSection
	GlobalSection(ExtensibilityGlobals) = postSolution
		SolutionGuid = {82F55DA6-4C72-4522-BE09-51D262A57245}
	EndGlobalSection
EndGlobal
